// !$*UTF8*$!
{
	archiveVersion = 1;
	classes = {
	};
	objectVersion = 50;
	objects = {

/* Begin PBXBuildFile section */
		216D269D216CE8E40084EEF4 /* AppDelegate.swift in Sources */ = {isa = PBXBuildFile; fileRef = 216D269C216CE8E40084EEF4 /* AppDelegate.swift */; };
		216D269F216CE8E40084EEF4 /* ColorChangeViewController.swift in Sources */ = {isa = PBXBuildFile; fileRef = 216D269E216CE8E40084EEF4 /* ColorChangeViewController.swift */; };
		216D26A2216CE8E40084EEF4 /* Main.storyboard in Resources */ = {isa = PBXBuildFile; fileRef = 216D26A0216CE8E40084EEF4 /* Main.storyboard */; };
		216D26A4216CE8E60084EEF4 /* Assets.xcassets in Resources */ = {isa = PBXBuildFile; fileRef = 216D26A3216CE8E60084EEF4 /* Assets.xcassets */; };
		216D26A7216CE8E60084EEF4 /* LaunchScreen.storyboard in Resources */ = {isa = PBXBuildFile; fileRef = 216D26A5216CE8E60084EEF4 /* LaunchScreen.storyboard */; };
		216D26B2216CE8E70084EEF4 /* FirstIOSAppTests.swift in Sources */ = {isa = PBXBuildFile; fileRef = 216D26B1216CE8E70084EEF4 /* FirstIOSAppTests.swift */; };
		216D26BD216CE8E70084EEF4 /* FirstIOSAppUITests.swift in Sources */ = {isa = PBXBuildFile; fileRef = 216D26BC216CE8E70084EEF4 /* FirstIOSAppUITests.swift */; };
/* End PBXBuildFile section */

/* Begin PBXContainerItemProxy section */
		216D26AE216CE8E70084EEF4 /* PBXContainerItemProxy */ = {
			isa = PBXContainerItemProxy;
			containerPortal = 216D2691216CE8E40084EEF4 /* Project object */;
			proxyType = 1;
			remoteGlobalIDString = 216D2698216CE8E40084EEF4;
			remoteInfo = FirstIOSApp;
		};
		216D26B9216CE8E70084EEF4 /* PBXContainerItemProxy */ = {
			isa = PBXContainerItemProxy;
			containerPortal = 216D2691216CE8E40084EEF4 /* Project object */;
			proxyType = 1;
			remoteGlobalIDString = 216D2698216CE8E40084EEF4;
			remoteInfo = FirstIOSApp;
		};
/* End PBXContainerItemProxy section */

/* Begin PBXFileReference section */
		216D2699216CE8E40084EEF4 /* FirstIOSApp.app */ = {isa = PBXFileReference; explicitFileType = wrapper.application; includeInIndex = 0; path = FirstIOSApp.app; sourceTree = BUILT_PRODUCTS_DIR; };
		216D269C216CE8E40084EEF4 /* AppDelegate.swift */ = {isa = PBXFileReference; lastKnownFileType = sourcecode.swift; path = AppDelegate.swift; sourceTree = "<group>"; };
		216D269E216CE8E40084EEF4 /* ColorChangeViewController.swift */ = {isa = PBXFileReference; lastKnownFileType = sourcecode.swift; path = ColorChangeViewController.swift; sourceTree = "<group>"; };
		216D26A1216CE8E40084EEF4 /* Base */ = {isa = PBXFileReference; lastKnownFileType = file.storyboard; name = Base; path = Base.lproj/Main.storyboard; sourceTree = "<group>"; };
		216D26A3216CE8E60084EEF4 /* Assets.xcassets */ = {isa = PBXFileReference; lastKnownFileType = folder.assetcatalog; path = Assets.xcassets; sourceTree = "<group>"; };
		216D26A6216CE8E60084EEF4 /* Base */ = {isa = PBXFileReference; lastKnownFileType = file.storyboard; name = Base; path = Base.lproj/LaunchScreen.storyboard; sourceTree = "<group>"; };
		216D26A8216CE8E60084EEF4 /* Info.plist */ = {isa = PBXFileReference; lastKnownFileType = text.plist.xml; path = Info.plist; sourceTree = "<group>"; };
		216D26AD216CE8E70084EEF4 /* FirstIOSAppTests.xctest */ = {isa = PBXFileReference; explicitFileType = wrapper.cfbundle; includeInIndex = 0; path = FirstIOSAppTests.xctest; sourceTree = BUILT_PRODUCTS_DIR; };
		216D26B1216CE8E70084EEF4 /* FirstIOSAppTests.swift */ = {isa = PBXFileReference; lastKnownFileType = sourcecode.swift; path = FirstIOSAppTests.swift; sourceTree = "<group>"; };
		216D26B3216CE8E70084EEF4 /* Info.plist */ = {isa = PBXFileReference; lastKnownFileType = text.plist.xml; path = Info.plist; sourceTree = "<group>"; };
		216D26B8216CE8E70084EEF4 /* FirstIOSAppUITests.xctest */ = {isa = PBXFileReference; explicitFileType = wrapper.cfbundle; includeInIndex = 0; path = FirstIOSAppUITests.xctest; sourceTree = BUILT_PRODUCTS_DIR; };
		216D26BC216CE8E70084EEF4 /* FirstIOSAppUITests.swift */ = {isa = PBXFileReference; lastKnownFileType = sourcecode.swift; path = FirstIOSAppUITests.swift; sourceTree = "<group>"; };
		216D26BE216CE8E70084EEF4 /* Info.plist */ = {isa = PBXFileReference; lastKnownFileType = text.plist.xml; path = Info.plist; sourceTree = "<group>"; };
/* End PBXFileReference section */

/* Begin PBXFrameworksBuildPhase section */
		216D2696216CE8E40084EEF4 /* Frameworks */ = {
			isa = PBXFrameworksBuildPhase;
			buildActionMask = 2147483647;
			files = (
			);
			runOnlyForDeploymentPostprocessing = 0;
		};
		216D26AA216CE8E70084EEF4 /* Frameworks */ = {
			isa = PBXFrameworksBuildPhase;
			buildActionMask = 2147483647;
			files = (
			);
			runOnlyForDeploymentPostprocessing = 0;
		};
		216D26B5216CE8E70084EEF4 /* Frameworks */ = {
			isa = PBXFrameworksBuildPhase;
			buildActionMask = 2147483647;
			files = (
			);
			runOnlyForDeploymentPostprocessing = 0;
		};
/* End PBXFrameworksBuildPhase section */

/* Begin PBXGroup section */
		216D2690216CE8E40084EEF4 = {
			isa = PBXGroup;
			children = (
				216D269B216CE8E40084EEF4 /* FirstIOSApp */,
				216D26B0216CE8E70084EEF4 /* FirstIOSAppTests */,
				216D26BB216CE8E70084EEF4 /* FirstIOSAppUITests */,
				216D269A216CE8E40084EEF4 /* Products */,
			);
			sourceTree = "<group>";
		};
		216D269A216CE8E40084EEF4 /* Products */ = {
			isa = PBXGroup;
			children = (
				216D2699216CE8E40084EEF4 /* FirstIOSApp.app */,
				216D26AD216CE8E70084EEF4 /* FirstIOSAppTests.xctest */,
				216D26B8216CE8E70084EEF4 /* FirstIOSAppUITests.xctest */,
			);
			name = Products;
			sourceTree = "<group>";
		};
		216D269B216CE8E40084EEF4 /* FirstIOSApp */ = {
			isa = PBXGroup;
			children = (
				216D26CA216CEC880084EEF4 /* Resources */,
				216D26CC216CF0B80084EEF4 /* Controller */,
				216D26CB216CF08E0084EEF4 /* View */,
			);
			path = FirstIOSApp;
			sourceTree = "<group>";
		};
		216D26B0216CE8E70084EEF4 /* FirstIOSAppTests */ = {
			isa = PBXGroup;
			children = (
				216D26B1216CE8E70084EEF4 /* FirstIOSAppTests.swift */,
				216D26B3216CE8E70084EEF4 /* Info.plist */,
			);
			path = FirstIOSAppTests;
			sourceTree = "<group>";
		};
		216D26BB216CE8E70084EEF4 /* FirstIOSAppUITests */ = {
			isa = PBXGroup;
			children = (
				216D26BC216CE8E70084EEF4 /* FirstIOSAppUITests.swift */,
				216D26BE216CE8E70084EEF4 /* Info.plist */,
			);
			path = FirstIOSAppUITests;
			sourceTree = "<group>";
		};
		216D26CA216CEC880084EEF4 /* Resources */ = {
			isa = PBXGroup;
			children = (
				216D269C216CE8E40084EEF4 /* AppDelegate.swift */,
				216D26A3216CE8E60084EEF4 /* Assets.xcassets */,
				216D26A8216CE8E60084EEF4 /* Info.plist */,
			);
			path = Resources;
			sourceTree = "<group>";
		};
		216D26CB216CF08E0084EEF4 /* View */ = {
			isa = PBXGroup;
			children = (
				216D26A0216CE8E40084EEF4 /* Main.storyboard */,
				216D26A5216CE8E60084EEF4 /* LaunchScreen.storyboard */,
			);
			path = View;
			sourceTree = "<group>";
		};
		216D26CC216CF0B80084EEF4 /* Controller */ = {
			isa = PBXGroup;
			children = (
				216D269E216CE8E40084EEF4 /* ColorChangeViewController.swift */,
			);
			path = Controller;
			sourceTree = "<group>";
		};
/* End PBXGroup section */

/* Begin PBXNativeTarget section */
		216D2698216CE8E40084EEF4 /* FirstIOSApp */ = {
			isa = PBXNativeTarget;
			buildConfigurationList = 216D26C1216CE8E70084EEF4 /* Build configuration list for PBXNativeTarget "FirstIOSApp" */;
			buildPhases = (
				216D2695216CE8E40084EEF4 /* Sources */,
				216D2696216CE8E40084EEF4 /* Frameworks */,
				216D2697216CE8E40084EEF4 /* Resources */,
			);
			buildRules = (
			);
			dependencies = (
			);
			name = FirstIOSApp;
			productName = FirstIOSApp;
			productReference = 216D2699216CE8E40084EEF4 /* FirstIOSApp.app */;
			productType = "com.apple.product-type.application";
		};
		216D26AC216CE8E70084EEF4 /* FirstIOSAppTests */ = {
			isa = PBXNativeTarget;
			buildConfigurationList = 216D26C4216CE8E70084EEF4 /* Build configuration list for PBXNativeTarget "FirstIOSAppTests" */;
			buildPhases = (
				216D26A9216CE8E70084EEF4 /* Sources */,
				216D26AA216CE8E70084EEF4 /* Frameworks */,
				216D26AB216CE8E70084EEF4 /* Resources */,
			);
			buildRules = (
			);
			dependencies = (
				216D26AF216CE8E70084EEF4 /* PBXTargetDependency */,
			);
			name = FirstIOSAppTests;
			productName = FirstIOSAppTests;
			productReference = 216D26AD216CE8E70084EEF4 /* FirstIOSAppTests.xctest */;
			productType = "com.apple.product-type.bundle.unit-test";
		};
		216D26B7216CE8E70084EEF4 /* FirstIOSAppUITests */ = {
			isa = PBXNativeTarget;
			buildConfigurationList = 216D26C7216CE8E70084EEF4 /* Build configuration list for PBXNativeTarget "FirstIOSAppUITests" */;
			buildPhases = (
				216D26B4216CE8E70084EEF4 /* Sources */,
				216D26B5216CE8E70084EEF4 /* Frameworks */,
				216D26B6216CE8E70084EEF4 /* Resources */,
			);
			buildRules = (
			);
			dependencies = (
				216D26BA216CE8E70084EEF4 /* PBXTargetDependency */,
			);
			name = FirstIOSAppUITests;
			productName = FirstIOSAppUITests;
			productReference = 216D26B8216CE8E70084EEF4 /* FirstIOSAppUITests.xctest */;
			productType = "com.apple.product-type.bundle.ui-testing";
		};
/* End PBXNativeTarget section */

/* Begin PBXProject section */
		216D2691216CE8E40084EEF4 /* Project object */ = {
			isa = PBXProject;
			attributes = {
				LastSwiftUpdateCheck = 0940;
				LastUpgradeCheck = 0940;
				ORGANIZATIONNAME = CTEC;
				TargetAttributes = {
					216D2698216CE8E40084EEF4 = {
						CreatedOnToolsVersion = 9.4.1;
					};
					216D26AC216CE8E70084EEF4 = {
						CreatedOnToolsVersion = 9.4.1;
						TestTargetID = 216D2698216CE8E40084EEF4;
					};
					216D26B7216CE8E70084EEF4 = {
						CreatedOnToolsVersion = 9.4.1;
						TestTargetID = 216D2698216CE8E40084EEF4;
					};
				};
			};
			buildConfigurationList = 216D2694216CE8E40084EEF4 /* Build configuration list for PBXProject "FirstIOSApp" */;
			compatibilityVersion = "Xcode 9.3";
			developmentRegion = en;
			hasScannedForEncodings = 0;
			knownRegions = (
				en,
				Base,
			);
			mainGroup = 216D2690216CE8E40084EEF4;
			productRefGroup = 216D269A216CE8E40084EEF4 /* Products */;
			projectDirPath = "";
			projectRoot = "";
			targets = (
				216D2698216CE8E40084EEF4 /* FirstIOSApp */,
				216D26AC216CE8E70084EEF4 /* FirstIOSAppTests */,
				216D26B7216CE8E70084EEF4 /* FirstIOSAppUITests */,
			);
		};
/* End PBXProject section */

/* Begin PBXResourcesBuildPhase section */
		216D2697216CE8E40084EEF4 /* Resources */ = {
			isa = PBXResourcesBuildPhase;
			buildActionMask = 2147483647;
			files = (
				216D26A7216CE8E60084EEF4 /* LaunchScreen.storyboard in Resources */,
				216D26A4216CE8E60084EEF4 /* Assets.xcassets in Resources */,
				216D26A2216CE8E40084EEF4 /* Main.storyboard in Resources */,
			);
			runOnlyForDeploymentPostprocessing = 0;
		};
		216D26AB216CE8E70084EEF4 /* Resources */ = {
			isa = PBXResourcesBuildPhase;
			buildActionMask = 2147483647;
			files = (
			);
			runOnlyForDeploymentPostprocessing = 0;
		};
		216D26B6216CE8E70084EEF4 /* Resources */ = {
			isa = PBXResourcesBuildPhase;
			buildActionMask = 2147483647;
			files = (
			);
			runOnlyForDeploymentPostprocessing = 0;
		};
/* End PBXResourcesBuildPhase section */

/* Begin PBXSourcesBuildPhase section */
		216D2695216CE8E40084EEF4 /* Sources */ = {
			isa = PBXSourcesBuildPhase;
			buildActionMask = 2147483647;
			files = (
				216D269F216CE8E40084EEF4 /* ColorChangeViewController.swift in Sources */,
				216D269D216CE8E40084EEF4 /* AppDelegate.swift in Sources */,
			);
			runOnlyForDeploymentPostprocessing = 0;
		};
		216D26A9216CE8E70084EEF4 /* Sources */ = {
			isa = PBXSourcesBuildPhase;
			buildActionMask = 2147483647;
			files = (
				216D26B2216CE8E70084EEF4 /* FirstIOSAppTests.swift in Sources */,
			);
			runOnlyForDeploymentPostprocessing = 0;
		};
		216D26B4216CE8E70084EEF4 /* Sources */ = {
			isa = PBXSourcesBuildPhase;
			buildActionMask = 2147483647;
			files = (
				216D26BD216CE8E70084EEF4 /* FirstIOSAppUITests.swift in Sources */,
			);
			runOnlyForDeploymentPostprocessing = 0;
		};
/* End PBXSourcesBuildPhase section */

/* Begin PBXTargetDependency section */
		216D26AF216CE8E70084EEF4 /* PBXTargetDependency */ = {
			isa = PBXTargetDependency;
			target = 216D2698216CE8E40084EEF4 /* FirstIOSApp */;
			targetProxy = 216D26AE216CE8E70084EEF4 /* PBXContainerItemProxy */;
		};
		216D26BA216CE8E70084EEF4 /* PBXTargetDependency */ = {
			isa = PBXTargetDependency;
			target = 216D2698216CE8E40084EEF4 /* FirstIOSApp */;
			targetProxy = 216D26B9216CE8E70084EEF4 /* PBXContainerItemProxy */;
		};
/* End PBXTargetDependency section */

/* Begin PBXVariantGroup section */
		216D26A0216CE8E40084EEF4 /* Main.storyboard */ = {
			isa = PBXVariantGroup;
			children = (
				216D26A1216CE8E40084EEF4 /* Base */,
			);
			name = Main.storyboard;
			sourceTree = "<group>";
		};
		216D26A5216CE8E60084EEF4 /* LaunchScreen.storyboard */ = {
			isa = PBXVariantGroup;
			children = (
				216D26A6216CE8E60084EEF4 /* Base */,
			);
			name = LaunchScreen.storyboard;
			sourceTree = "<group>";
		};
/* End PBXVariantGroup section */

/* Begin XCBuildConfiguration section */
		216D26BF216CE8E70084EEF4 /* Debug */ = {
			isa = XCBuildConfiguration;
			buildSettings = {
				ALWAYS_SEARCH_USER_PATHS = NO;
				CLANG_ANALYZER_NONNULL = YES;
				CLANG_ANALYZER_NUMBER_OBJECT_CONVERSION = YES_AGGRESSIVE;
				CLANG_CXX_LANGUAGE_STANDARD = "gnu++14";
				CLANG_CXX_LIBRARY = "libc++";
				CLANG_ENABLE_MODULES = YES;
				CLANG_ENABLE_OBJC_ARC = YES;
				CLANG_ENABLE_OBJC_WEAK = YES;
				CLANG_WARN_BLOCK_CAPTURE_AUTORELEASING = YES;
				CLANG_WARN_BOOL_CONVERSION = YES;
				CLANG_WARN_COMMA = YES;
				CLANG_WARN_CONSTANT_CONVERSION = YES;
				CLANG_WARN_DEPRECATED_OBJC_IMPLEMENTATIONS = YES;
				CLANG_WARN_DIRECT_OBJC_ISA_USAGE = YES_ERROR;
				CLANG_WARN_DOCUMENTATION_COMMENTS = YES;
				CLANG_WARN_EMPTY_BODY = YES;
				CLANG_WARN_ENUM_CONVERSION = YES;
				CLANG_WARN_INFINITE_RECURSION = YES;
				CLANG_WARN_INT_CONVERSION = YES;
				CLANG_WARN_NON_LITERAL_NULL_CONVERSION = YES;
				CLANG_WARN_OBJC_IMPLICIT_RETAIN_SELF = YES;
				CLANG_WARN_OBJC_LITERAL_CONVERSION = YES;
				CLANG_WARN_OBJC_ROOT_CLASS = YES_ERROR;
				CLANG_WARN_RANGE_LOOP_ANALYSIS = YES;
				CLANG_WARN_STRICT_PROTOTYPES = YES;
				CLANG_WARN_SUSPICIOUS_MOVE = YES;
				CLANG_WARN_UNGUARDED_AVAILABILITY = YES_AGGRESSIVE;
				CLANG_WARN_UNREACHABLE_CODE = YES;
				CLANG_WARN__DUPLICATE_METHOD_MATCH = YES;
				CODE_SIGN_IDENTITY = "iPhone Developer";
				COPY_PHASE_STRIP = NO;
				DEBUG_INFORMATION_FORMAT = dwarf;
				ENABLE_STRICT_OBJC_MSGSEND = YES;
				ENABLE_TESTABILITY = YES;
				GCC_C_LANGUAGE_STANDARD = gnu11;
				GCC_DYNAMIC_NO_PIC = NO;
				GCC_NO_COMMON_BLOCKS = YES;
				GCC_OPTIMIZATION_LEVEL = 0;
				GCC_PREPROCESSOR_DEFINITIONS = (
					"DEBUG=1",
					"$(inherited)",
				);
				GCC_WARN_64_TO_32_BIT_CONVERSION = YES;
				GCC_WARN_ABOUT_RETURN_TYPE = YES_ERROR;
				GCC_WARN_UNDECLARED_SELECTOR = YES;
				GCC_WARN_UNINITIALIZED_AUTOS = YES_AGGRESSIVE;
				GCC_WARN_UNUSED_FUNCTION = YES;
				GCC_WARN_UNUSED_VARIABLE = YES;
				IPHONEOS_DEPLOYMENT_TARGET = 11.4;
				MTL_ENABLE_DEBUG_INFO = YES;
				ONLY_ACTIVE_ARCH = YES;
				SDKROOT = iphoneos;
				SWIFT_ACTIVE_COMPILATION_CONDITIONS = DEBUG;
				SWIFT_OPTIMIZATION_LEVEL = "-Onone";
			};
			name = Debug;
		};
		216D26C0216CE8E70084EEF4 /* Release */ = {
			isa = XCBuildConfiguration;
			buildSettings = {
				ALWAYS_SEARCH_USER_PATHS = NO;
				CLANG_ANALYZER_NONNULL = YES;
				CLANG_ANALYZER_NUMBER_OBJECT_CONVERSION = YES_AGGRESSIVE;
				CLANG_CXX_LANGUAGE_STANDARD = "gnu++14";
				CLANG_CXX_LIBRARY = "libc++";
				CLANG_ENABLE_MODULES = YES;
				CLANG_ENABLE_OBJC_ARC = YES;
				CLANG_ENABLE_OBJC_WEAK = YES;
				CLANG_WARN_BLOCK_CAPTURE_AUTORELEASING = YES;
				CLANG_WARN_BOOL_CONVERSION = YES;
				CLANG_WARN_COMMA = YES;
				CLANG_WARN_CONSTANT_CONVERSION = YES;
				CLANG_WARN_DEPRECATED_OBJC_IMPLEMENTATIONS = YES;
				CLANG_WARN_DIRECT_OBJC_ISA_USAGE = YES_ERROR;
				CLANG_WARN_DOCUMENTATION_COMMENTS = YES;
				CLANG_WARN_EMPTY_BODY = YES;
				CLANG_WARN_ENUM_CONVERSION = YES;
				CLANG_WARN_INFINITE_RECURSION = YES;
				CLANG_WARN_INT_CONVERSION = YES;
				CLANG_WARN_NON_LITERAL_NULL_CONVERSION = YES;
				CLANG_WARN_OBJC_IMPLICIT_RETAIN_SELF = YES;
				CLANG_WARN_OBJC_LITERAL_CONVERSION = YES;
				CLANG_WARN_OBJC_ROOT_CLASS = YES_ERROR;
				CLANG_WARN_RANGE_LOOP_ANALYSIS = YES;
				CLANG_WARN_STRICT_PROTOTYPES = YES;
				CLANG_WARN_SUSPICIOUS_MOVE = YES;
				CLANG_WARN_UNGUARDED_AVAILABILITY = YES_AGGRESSIVE;
				CLANG_WARN_UNREACHABLE_CODE = YES;
				CLANG_WARN__DUPLICATE_METHOD_MATCH = YES;
				CODE_SIGN_IDENTITY = "iPhone Developer";
				COPY_PHASE_STRIP = NO;
				DEBUG_INFORMATION_FORMAT = "dwarf-with-dsym";
				ENABLE_NS_ASSERTIONS = NO;
				ENABLE_STRICT_OBJC_MSGSEND = YES;
				GCC_C_LANGUAGE_STANDARD = gnu11;
				GCC_NO_COMMON_BLOCKS = YES;
				GCC_WARN_64_TO_32_BIT_CONVERSION = YES;
				GCC_WARN_ABOUT_RETURN_TYPE = YES_ERROR;
				GCC_WARN_UNDECLARED_SELECTOR = YES;
				GCC_WARN_UNINITIALIZED_AUTOS = YES_AGGRESSIVE;
				GCC_WARN_UNUSED_FUNCTION = YES;
				GCC_WARN_UNUSED_VARIABLE = YES;
				IPHONEOS_DEPLOYMENT_TARGET = 11.4;
				MTL_ENABLE_DEBUG_INFO = NO;
				SDKROOT = iphoneos;
				SWIFT_COMPILATION_MODE = wholemodule;
				SWIFT_OPTIMIZATION_LEVEL = "-O";
				VALIDATE_PRODUCT = YES;
			};
			name = Release;
		};
		216D26C2216CE8E70084EEF4 /* Debug */ = {
			isa = XCBuildConfiguration;
			buildSettings = {
				ASSETCATALOG_COMPILER_APPICON_NAME = AppIcon;
				CODE_SIGN_STYLE = Automatic;
				INFOPLIST_FILE = "$(SRCROOT)/FirstIOSApp/Resources/Info.plist";
				LD_RUNPATH_SEARCH_PATHS = (
					"$(inherited)",
					"@executable_path/Frameworks",
				);
				PRODUCT_BUNDLE_IDENTIFIER = CTEC.FirstIOSApp;
				PRODUCT_NAME = "$(TARGET_NAME)";
				SWIFT_VERSION = 4.0;
				TARGETED_DEVICE_FAMILY = "1,2";
			};
			name = Debug;
		};
		216D26C3216CE8E70084EEF4 /* Release */ = {
			isa = XCBuildConfiguration;
			buildSettings = {
				ASSETCATALOG_COMPILER_APPICON_NAME = AppIcon;
				CODE_SIGN_STYLE = Automatic;
				INFOPLIST_FILE = "$(SRCROOT)/FirstIOSApp/Resources/Info.plist";
				LD_RUNPATH_SEARCH_PATHS = (
					"$(inherited)",
					"@executable_path/Frameworks",
				);
				PRODUCT_BUNDLE_IDENTIFIER = CTEC.FirstIOSApp;
				PRODUCT_NAME = "$(TARGET_NAME)";
				SWIFT_VERSION = 4.0;
				TARGETED_DEVICE_FAMILY = "1,2";
			};
			name = Release;
		};
		216D26C5216CE8E70084EEF4 /* Debug */ = {
			isa = XCBuildConfiguration;
			buildSettings = {
				ALWAYS_EMBED_SWIFT_STANDARD_LIBRARIES = YES;
				BUNDLE_LOADER = "$(TEST_HOST)";
				CODE_SIGN_STYLE = Automatic;
				INFOPLIST_FILE = FirstIOSAppTests/Info.plist;
				LD_RUNPATH_SEARCH_PATHS = (
					"$(inherited)",
					"@executable_path/Frameworks",
					"@loader_path/Frameworks",
				);
				PRODUCT_BUNDLE_IDENTIFIER = CTEC.FirstIOSAppTests;
				PRODUCT_NAME = "$(TARGET_NAME)";
				SWIFT_VERSION = 4.0;
				TARGETED_DEVICE_FAMILY = "1,2";
				TEST_HOST = "$(BUILT_PRODUCTS_DIR)/FirstIOSApp.app/FirstIOSApp";
			};
			name = Debug;
		};
		216D26C6216CE8E70084EEF4 /* Release */ = {
			isa = XCBuildConfiguration;
			buildSettings = {
				ALWAYS_EMBED_SWIFT_STANDARD_LIBRARIES = YES;
				BUNDLE_LOADER = "$(TEST_HOST)";
				CODE_SIGN_STYLE = Automatic;
				INFOPLIST_FILE = FirstIOSAppTests/Info.plist;
				LD_RUNPATH_SEARCH_PATHS = (
					"$(inherited)",
					"@executable_path/Frameworks",
					"@loader_path/Frameworks",
				);
				PRODUCT_BUNDLE_IDENTIFIER = CTEC.FirstIOSAppTests;
				PRODUCT_NAME = "$(TARGET_NAME)";
				SWIFT_VERSION = 4.0;
				TARGETED_DEVICE_FAMILY = "1,2";
				TEST_HOST = "$(BUILT_PRODUCTS_DIR)/FirstIOSApp.app/FirstIOSApp";
			};
			name = Release;
		};
		216D26C8216CE8E70084EEF4 /* Debug */ = {
			isa = XCBuildConfiguration;
			buildSettings = {
				ALWAYS_EMBED_SWIFT_STANDARD_LIBRARIES = YES;
				CODE_SIGN_STYLE = Automatic;
				INFOPLIST_FILE = FirstIOSAppUITests/Info.plist;
				LD_RUNPATH_SEARCH_PATHS = (
					"$(inherited)",
					"@executable_path/Frameworks",
					"@loader_path/Frameworks",
				);
				PRODUCT_BUNDLE_IDENTIFIER = CTEC.FirstIOSAppUITests;
				PRODUCT_NAME = "$(TARGET_NAME)";
				SWIFT_VERSION = 4.0;
				TARGETED_DEVICE_FAMILY = "1,2";
				TEST_TARGET_NAME = FirstIOSApp;
			};
			name = Debug;
		};
		216D26C9216CE8E70084EEF4 /* Release */ = {
			isa = XCBuildConfiguration;
			buildSettings = {
				ALWAYS_EMBED_SWIFT_STANDARD_LIBRARIES = YES;
				CODE_SIGN_STYLE = Automatic;
				INFOPLIST_FILE = FirstIOSAppUITests/Info.plist;
				LD_RUNPATH_SEARCH_PATHS = (
					"$(inherited)",
					"@executable_path/Frameworks",
					"@loader_path/Frameworks",
				);
				PRODUCT_BUNDLE_IDENTIFIER = CTEC.FirstIOSAppUITests;
				PRODUCT_NAME = "$(TARGET_NAME)";
				SWIFT_VERSION = 4.0;
				TARGETED_DEVICE_FAMILY = "1,2";
				TEST_TARGET_NAME = FirstIOSApp;
			};
			name = Release;
		};
/* End XCBuildConfiguration section */

/* Begin XCConfigurationList section */
		216D2694216CE8E40084EEF4 /* Build configuration list for PBXProject "FirstIOSApp" */ = {
			isa = XCConfigurationList;
			buildConfigurations = (
				216D26BF216CE8E70084EEF4 /* Debug */,
				216D26C0216CE8E70084EEF4 /* Release */,
			);
			defaultConfigurationIsVisible = 0;
			defaultConfigurationName = Release;
		};
		216D26C1216CE8E70084EEF4 /* Build configuration list for PBXNativeTarget "FirstIOSApp" */ = {
			isa = XCConfigurationList;
			buildConfigurations = (
				216D26C2216CE8E70084EEF4 /* Debug */,
				216D26C3216CE8E70084EEF4 /* Release */,
			);
			defaultConfigurationIsVisible = 0;
			defaultConfigurationName = Release;
		};
		216D26C4216CE8E70084EEF4 /* Build configuration list for PBXNativeTarget "FirstIOSAppTests" */ = {
			isa = XCConfigurationList;
			buildConfigurations = (
				216D26C5216CE8E70084EEF4 /* Debug */,
				216D26C6216CE8E70084EEF4 /* Release */,
			);
			defaultConfigurationIsVisible = 0;
			defaultConfigurationName = Release;
		};
		216D26C7216CE8E70084EEF4 /* Build configuration list for PBXNativeTarget "FirstIOSAppUITests" */ = {
			isa = XCConfigurationList;
			buildConfigurations = (
				216D26C8216CE8E70084EEF4 /* Debug */,
				216D26C9216CE8E70084EEF4 /* Release */,
			);
			defaultConfigurationIsVisible = 0;
			defaultConfigurationName = Release;
		};
/* End XCConfigurationList section */
	};
	rootObject = 216D2691216CE8E40084EEF4 /* Project object */;
}
